// !$*UTF8*$!
{
	archiveVersion = 1;
	classes = {
	};
	objectVersion = 46;
	objects = {

/* Begin PBXBuildFile section */
		C7341D771B903D30003E11B2 /* AppDelegate.swift in Sources */ = {isa = PBXBuildFile; fileRef = C7341D761B903D30003E11B2 /* AppDelegate.swift */; };
		C7341D791B903D30003E11B2 /* ViewController.swift in Sources */ = {isa = PBXBuildFile; fileRef = C7341D781B903D30003E11B2 /* ViewController.swift */; };
		C7341D7C1B903D30003E11B2 /* Main.storyboard in Resources */ = {isa = PBXBuildFile; fileRef = C7341D7A1B903D30003E11B2 /* Main.storyboard */; };
		C7341D7E1B903D30003E11B2 /* Images.xcassets in Resources */ = {isa = PBXBuildFile; fileRef = C7341D7D1B903D30003E11B2 /* Images.xcassets */; };
		C7341D811B903D30003E11B2 /* LaunchScreen.xib in Resources */ = {isa = PBXBuildFile; fileRef = C7341D7F1B903D30003E11B2 /* LaunchScreen.xib */; };
		C7341D8D1B903D30003E11B2 /* NIDropDown_SwiftTests.swift in Sources */ = {isa = PBXBuildFile; fileRef = C7341D8C1B903D30003E11B2 /* NIDropDown_SwiftTests.swift */; };
		C7341D971B903DC2003E11B2 /* NIDropDown.swift in Sources */ = {isa = PBXBuildFile; fileRef = C7341D961B903DC2003E11B2 /* NIDropDown.swift */; };
/* End PBXBuildFile section */

/* Begin PBXContainerItemProxy section */
		C7341D871B903D30003E11B2 /* PBXContainerItemProxy */ = {
			isa = PBXContainerItemProxy;
			containerPortal = C7341D691B903D30003E11B2 /* Project object */;
			proxyType = 1;
			remoteGlobalIDString = C7341D701B903D30003E11B2;
			remoteInfo = NIDropDown_Swift;
		};
/* End PBXContainerItemProxy section */

/* Begin PBXFileReference section */
		C7341D711B903D30003E11B2 /* NIDropDown_Swift.app */ = {isa = PBXFileReference; explicitFileType = wrapper.application; includeInIndex = 0; path = NIDropDown_Swift.app; sourceTree = BUILT_PRODUCTS_DIR; };
		C7341D751B903D30003E11B2 /* Info.plist */ = {isa = PBXFileReference; lastKnownFileType = text.plist.xml; path = Info.plist; sourceTree = "<group>"; };
		C7341D761B903D30003E11B2 /* AppDelegate.swift */ = {isa = PBXFileReference; lastKnownFileType = sourcecode.swift; path = AppDelegate.swift; sourceTree = "<group>"; };
		C7341D781B903D30003E11B2 /* ViewController.swift */ = {isa = PBXFileReference; lastKnownFileType = sourcecode.swift; path = ViewController.swift; sourceTree = "<group>"; };
		C7341D7B1B903D30003E11B2 /* Base */ = {isa = PBXFileReference; lastKnownFileType = file.storyboard; name = Base; path = Base.lproj/Main.storyboard; sourceTree = "<group>"; };
		C7341D7D1B903D30003E11B2 /* Images.xcassets */ = {isa = PBXFileReference; lastKnownFileType = folder.assetcatalog; path = Images.xcassets; sourceTree = "<group>"; };
		C7341D801B903D30003E11B2 /* Base */ = {isa = PBXFileReference; lastKnownFileType = file.xib; name = Base; path = Base.lproj/LaunchScreen.xib; sourceTree = "<group>"; };
		C7341D861B903D30003E11B2 /* NIDropDown_SwiftTests.xctest */ = {isa = PBXFileReference; explicitFileType = wrapper.cfbundle; includeInIndex = 0; path = NIDropDown_SwiftTests.xctest; sourceTree = BUILT_PRODUCTS_DIR; };
		C7341D8B1B903D30003E11B2 /* Info.plist */ = {isa = PBXFileReference; lastKnownFileType = text.plist.xml; path = Info.plist; sourceTree = "<group>"; };
		C7341D8C1B903D30003E11B2 /* NIDropDown_SwiftTests.swift */ = {isa = PBXFileReference; lastKnownFileType = sourcecode.swift; path = NIDropDown_SwiftTests.swift; sourceTree = "<group>"; };
		C7341D961B903DC2003E11B2 /* NIDropDown.swift */ = {isa = PBXFileReference; fileEncoding = 4; lastKnownFileType = sourcecode.swift; path = NIDropDown.swift; sourceTree = "<group>"; };
/* End PBXFileReference section */

/* Begin PBXFrameworksBuildPhase section */
		C7341D6E1B903D30003E11B2 /* Frameworks */ = {
			isa = PBXFrameworksBuildPhase;
			buildActionMask = 2147483647;
			files = (
			);
			runOnlyForDeploymentPostprocessing = 0;
		};
		C7341D831B903D30003E11B2 /* Frameworks */ = {
			isa = PBXFrameworksBuildPhase;
			buildActionMask = 2147483647;
			files = (
			);
			runOnlyForDeploymentPostprocessing = 0;
		};
/* End PBXFrameworksBuildPhase section */

/* Begin PBXGroup section */
		C7341D681B903D30003E11B2 = {
			isa = PBXGroup;
			children = (
				C7341D731B903D30003E11B2 /* NIDropDown_Swift */,
				C7341D891B903D30003E11B2 /* NIDropDown_SwiftTests */,
				C7341D721B903D30003E11B2 /* Products */,
			);
			sourceTree = "<group>";
		};
		C7341D721B903D30003E11B2 /* Products */ = {
			isa = PBXGroup;
			children = (
				C7341D711B903D30003E11B2 /* NIDropDown_Swift.app */,
				C7341D861B903D30003E11B2 /* NIDropDown_SwiftTests.xctest */,
			);
			name = Products;
			sourceTree = "<group>";
		};
		C7341D731B903D30003E11B2 /* NIDropDown_Swift */ = {
			isa = PBXGroup;
			children = (
				C7341D761B903D30003E11B2 /* AppDelegate.swift */,
				C7341D781B903D30003E11B2 /* ViewController.swift */,
				C7341D961B903DC2003E11B2 /* NIDropDown.swift */,
				C7341D7A1B903D30003E11B2 /* Main.storyboard */,
				C7341D7D1B903D30003E11B2 /* Images.xcassets */,
				C7341D7F1B903D30003E11B2 /* LaunchScreen.xib */,
				C7341D741B903D30003E11B2 /* Supporting Files */,
			);
			path = NIDropDown_Swift;
			sourceTree = "<group>";
		};
		C7341D741B903D30003E11B2 /* Supporting Files */ = {
			isa = PBXGroup;
			children = (
				C7341D751B903D30003E11B2 /* Info.plist */,
			);
			name = "Supporting Files";
			sourceTree = "<group>";
		};
		C7341D891B903D30003E11B2 /* NIDropDown_SwiftTests */ = {
			isa = PBXGroup;
			children = (
				C7341D8C1B903D30003E11B2 /* NIDropDown_SwiftTests.swift */,
				C7341D8A1B903D30003E11B2 /* Supporting Files */,
			);
			path = NIDropDown_SwiftTests;
			sourceTree = "<group>";
		};
		C7341D8A1B903D30003E11B2 /* Supporting Files */ = {
			isa = PBXGroup;
			children = (
				C7341D8B1B903D30003E11B2 /* Info.plist */,
			);
			name = "Supporting Files";
			sourceTree = "<group>";
		};
/* End PBXGroup section */

/* Begin PBXNativeTarget section */
		C7341D701B903D30003E11B2 /* NIDropDown_Swift */ = {
			isa = PBXNativeTarget;
			buildConfigurationList = C7341D901B903D30003E11B2 /* Build configuration list for PBXNativeTarget "NIDropDown_Swift" */;
			buildPhases = (
				C7341D6D1B903D30003E11B2 /* Sources */,
				C7341D6E1B903D30003E11B2 /* Frameworks */,
				C7341D6F1B903D30003E11B2 /* Resources */,
			);
			buildRules = (
			);
			dependencies = (
			);
			name = NIDropDown_Swift;
			productName = NIDropDown_Swift;
			productReference = C7341D711B903D30003E11B2 /* NIDropDown_Swift.app */;
			productType = "com.apple.product-type.application";
		};
		C7341D851B903D30003E11B2 /* NIDropDown_SwiftTests */ = {
			isa = PBXNativeTarget;
			buildConfigurationList = C7341D931B903D30003E11B2 /* Build configuration list for PBXNativeTarget "NIDropDown_SwiftTests" */;
			buildPhases = (
				C7341D821B903D30003E11B2 /* Sources */,
				C7341D831B903D30003E11B2 /* Frameworks */,
				C7341D841B903D30003E11B2 /* Resources */,
			);
			buildRules = (
			);
			dependencies = (
				C7341D881B903D30003E11B2 /* PBXTargetDependency */,
			);
			name = NIDropDown_SwiftTests;
			productName = NIDropDown_SwiftTests;
			productReference = C7341D861B903D30003E11B2 /* NIDropDown_SwiftTests.xctest */;
			productType = "com.apple.product-type.bundle.unit-test";
		};
/* End PBXNativeTarget section */

/* Begin PBXProject section */
		C7341D691B903D30003E11B2 /* Project object */ = {
			isa = PBXProject;
			attributes = {
				LastUpgradeCheck = 0620;
				ORGANIZATIONNAME = "Binqian Du";
				TargetAttributes = {
					C7341D701B903D30003E11B2 = {
						CreatedOnToolsVersion = 6.2;
					};
					C7341D851B903D30003E11B2 = {
						CreatedOnToolsVersion = 6.2;
						TestTargetID = C7341D701B903D30003E11B2;
					};
				};
			};
			buildConfigurationList = C7341D6C1B903D30003E11B2 /* Build configuration list for PBXProject "NIDropDown_Swift" */;
			compatibilityVersion = "Xcode 3.2";
			developmentRegion = English;
			hasScannedForEncodings = 0;
			knownRegions = (
				en,
				Base,
			);
			mainGroup = C7341D681B903D30003E11B2;
			productRefGroup = C7341D721B903D30003E11B2 /* Products */;
			projectDirPath = "";
			projectRoot = "";
			targets = (
				C7341D701B903D30003E11B2 /* NIDropDown_Swift */,
				C7341D851B903D30003E11B2 /* NIDropDown_SwiftTests */,
			);
		};
/* End PBXProject section */

/* Begin PBXResourcesBuildPhase section */
		C7341D6F1B903D30003E11B2 /* Resources */ = {
			isa = PBXResourcesBuildPhase;
			buildActionMask = 2147483647;
			files = (
				C7341D7C1B903D30003E11B2 /* Main.storyboard in Resources */,
				C7341D811B903D30003E11B2 /* LaunchScreen.xib in Resources */,
				C7341D7E1B903D30003E11B2 /* Images.xcassets in Resources */,
			);
			runOnlyForDeploymentPostprocessing = 0;
		};
		C7341D841B903D30003E11B2 /* Resources */ = {
			isa = PBXResourcesBuildPhase;
			buildActionMask = 2147483647;
			files = (
			);
			runOnlyForDeploymentPostprocessing = 0;
		};
/* End PBXResourcesBuildPhase section */

/* Begin PBXSourcesBuildPhase section */
		C7341D6D1B903D30003E11B2 /* Sources */ = {
			isa = PBXSourcesBuildPhase;
			buildActionMask = 2147483647;
			files = (
				C7341D971B903DC2003E11B2 /* NIDropDown.swift in Sources */,
				C7341D791B903D30003E11B2 /* ViewController.swift in Sources */,
				C7341D771B903D30003E11B2 /* AppDelegate.swift in Sources */,
			);
			runOnlyForDeploymentPostprocessing = 0;
		};
		C7341D821B903D30003E11B2 /* Sources */ = {
			isa = PBXSourcesBuildPhase;
			buildActionMask = 2147483647;
			files = (
				C7341D8D1B903D30003E11B2 /* NIDropDown_SwiftTests.swift in Sources */,
			);
			runOnlyForDeploymentPostprocessing = 0;
		};
/* End PBXSourcesBuildPhase section */

/* Begin PBXTargetDependency section */
		C7341D881B903D30003E11B2 /* PBXTargetDependency */ = {
			isa = PBXTargetDependency;
			target = C7341D701B903D30003E11B2 /* NIDropDown_Swift */;
			targetProxy = C7341D871B903D30003E11B2 /* PBXContainerItemProxy */;
		};
/* End PBXTargetDependency section */

/* Begin PBXVariantGroup section */
		C7341D7A1B903D30003E11B2 /* Main.storyboard */ = {
			isa = PBXVariantGroup;
			children = (
				C7341D7B1B903D30003E11B2 /* Base */,
			);
			name = Main.storyboard;
			sourceTree = "<group>";
		};
		C7341D7F1B903D30003E11B2 /* LaunchScreen.xib */ = {
			isa = PBXVariantGroup;
			children = (
				C7341D801B903D30003E11B2 /* Base */,
			);
			name = LaunchScreen.xib;
			sourceTree = "<group>";
		};
/* End PBXVariantGroup section */

/* Begin XCBuildConfiguration section */
		C7341D8E1B903D30003E11B2 /* Debug */ = {
			isa = XCBuildConfiguration;
			buildSettings = {
				ALWAYS_SEARCH_USER_PATHS = NO;
				CLANG_CXX_LANGUAGE_STANDARD = "gnu++0x";
				CLANG_CXX_LIBRARY = "libc++";
				CLANG_ENABLE_MODULES = YES;
				CLANG_ENABLE_OBJC_ARC = YES;
				CLANG_WARN_BOOL_CONVERSION = YES;
				CLANG_WARN_CONSTANT_CONVERSION = YES;
				CLANG_WARN_DIRECT_OBJC_ISA_USAGE = YES_ERROR;
				CLANG_WARN_EMPTY_BODY = YES;
				CLANG_WARN_ENUM_CONVERSION = YES;
				CLANG_WARN_INT_CONVERSION = YES;
				CLANG_WARN_OBJC_ROOT_CLASS = YES_ERROR;
				CLANG_WARN_UNREACHABLE_CODE = YES;
				CLANG_WARN__DUPLICATE_METHOD_MATCH = YES;
				"CODE_SIGN_IDENTITY[sdk=iphoneos*]" = "iPhone Developer";
				COPY_PHASE_STRIP = NO;
				ENABLE_STRICT_OBJC_MSGSEND = YES;
				GCC_C_LANGUAGE_STANDARD = gnu99;
				GCC_DYNAMIC_NO_PIC = NO;
				GCC_OPTIMIZATION_LEVEL = 0;
				GCC_PREPROCESSOR_DEFINITIONS = (
					"DEBUG=1",
					"$(inherited)",
				);
				GCC_SYMBOLS_PRIVATE_EXTERN = NO;
				GCC_WARN_64_TO_32_BIT_CONVERSION = YES;
				GCC_WARN_ABOUT_RETURN_TYPE = YES_ERROR;
				GCC_WARN_UNDECLARED_SELECTOR = YES;
				GCC_WARN_UNINITIALIZED_AUTOS = YES_AGGRESSIVE;
				GCC_WARN_UNUSED_FUNCTION = YES;
				GCC_WARN_UNUSED_VARIABLE = YES;
				IPHONEOS_DEPLOYMENT_TARGET = 8.2;
				MTL_ENABLE_DEBUG_INFO = YES;
				ONLY_ACTIVE_ARCH = YES;
				SDKROOT = iphoneos;
				SWIFT_OPTIMIZATION_LEVEL = "-Onone";
			};
			name = Debug;
		};
		C7341D8F1B903D30003E11B2 /* Release */ = {
			isa = XCBuildConfiguration;
			buildSettings = {
				ALWAYS_SEARCH_USER_PATHS = NO;
				CLANG_CXX_LANGUAGE_STANDARD = "gnu++0x";
				CLANG_CXX_LIBRARY = "libc++";
				CLANG_ENABLE_MODULES = YES;
				CLANG_ENABLE_OBJC_ARC = YES;
				CLANG_WARN_BOOL_CONVERSION = YES;
				CLANG_WARN_CONSTANT_CONVERSION = YES;
				CLANG_WARN_DIRECT_OBJC_ISA_USAGE = YES_ERROR;
				CLANG_WARN_EMPTY_BODY = YES;
				CLANG_WARN_ENUM_CONVERSION = YES;
				CLANG_WARN_INT_CONVERSION = YES;
				CLANG_WARN_OBJC_ROOT_CLASS = YES_ERROR;
				CLANG_WARN_UNREACHABLE_CODE = YES;
				CLANG_WARN__DUPLICATE_METHOD_MATCH = YES;
				"CODE_SIGN_IDENTITY[sdk=iphoneos*]" = "iPhone Developer";
				COPY_PHASE_STRIP = NO;
				ENABLE_NS_ASSERTIONS = NO;
				ENABLE_STRICT_OBJC_MSGSEND = YES;
				GCC_C_LANGUAGE_STANDARD = gnu99;
				GCC_WARN_64_TO_32_BIT_CONVERSION = YES;
				GCC_WARN_ABOUT_RETURN_TYPE = YES_ERROR;
				GCC_WARN_UNDECLARED_SELECTOR = YES;
				GCC_WARN_UNINITIALIZED_AUTOS = YES_AGGRESSIVE;
				GCC_WARN_UNUSED_FUNCTION = YES;
				GCC_WARN_UNUSED_VARIABLE = YES;
				IPHONEOS_DEPLOYMENT_TARGET = 8.2;
				MTL_ENABLE_DEBUG_INFO = NO;
				SDKROOT = iphoneos;
				VALIDATE_PRODUCT = YES;
			};
			name = Release;
		};
		C7341D911B903D30003E11B2 /* Debug */ = {
			isa = XCBuildConfiguration;
			buildSettings = {
				ASSETCATALOG_COMPILER_APPICON_NAME = AppIcon;
				INFOPLIST_FILE = NIDropDown_Swift/Info.plist;
				IPHONEOS_DEPLOYMENT_TARGET = 7.1;
				LD_RUNPATH_SEARCH_PATHS = "$(inherited) @executable_path/Frameworks";
				PRODUCT_NAME = "$(TARGET_NAME)";
			};
			name = Debug;
		};
		C7341D921B903D30003E11B2 /* Release */ = {
			isa = XCBuildConfiguration;
			buildSettings = {
				ASSETCATALOG_COMPILER_APPICON_NAME = AppIcon;
				INFOPLIST_FILE = NIDropDown_Swift/Info.plist;
				IPHONEOS_DEPLOYMENT_TARGET = 7.1;
				LD_RUNPATH_SEARCH_PATHS = "$(inherited) @executable_path/Frameworks";
				PRODUCT_NAME = "$(TARGET_NAME)";
			};
			name = Release;
		};
		C7341D941B903D30003E11B2 /* Debug */ = {
			isa = XCBuildConfiguration;
			buildSettings = {
				BUNDLE_LOADER = "$(TEST_HOST)";
				FRAMEWORK_SEARCH_PATHS = (
					"$(SDKROOT)/Developer/Library/Frameworks",
					"$(inherited)",
				);
				GCC_PREPROCESSOR_DEFINITIONS = (
					"DEBUG=1",
					"$(inherited)",
				);
				INFOPLIST_FILE = NIDropDown_SwiftTests/Info.plist;
				LD_RUNPATH_SEARCH_PATHS = "$(inherited) @executable_path/Frameworks @loader_path/Frameworks";
				PRODUCT_NAME = "$(TARGET_NAME)";
				TEST_HOST = "$(BUILT_PRODUCTS_DIR)/NIDropDown_Swift.app/NIDropDown_Swift";
			};
			name = Debug;
		};
		C7341D951B903D30003E11B2 /* Release */ = {
			isa = XCBuildConfiguration;
			buildSettings = {
				BUNDLE_LOADER = "$(TEST_HOST)";
				FRAMEWORK_SEARCH_PATHS = (
					"$(SDKROOT)/Developer/Library/Frameworks",
					"$(inherited)",
				);
				INFOPLIST_FILE = NIDropDown_SwiftTests/Info.plist;
				LD_RUNPATH_SEARCH_PATHS = "$(inherited) @executable_path/Frameworks @loader_path/Frameworks";
				PRODUCT_NAME = "$(TARGET_NAME)";
				TEST_HOST = "$(BUILT_PRODUCTS_DIR)/NIDropDown_Swift.app/NIDropDown_Swift";
			};
			name = Release;
		};
/* End XCBuildConfiguration section */

/* Begin XCConfigurationList section */
		C7341D6C1B903D30003E11B2 /* Build configuration list for PBXProject "NIDropDown_Swift" */ = {
			isa = XCConfigurationList;
			buildConfigurations = (
				C7341D8E1B903D30003E11B2 /* Debug */,
				C7341D8F1B903D30003E11B2 /* Release */,
			);
			defaultConfigurationIsVisible = 0;
			defaultConfigurationName = Release;
		};
		C7341D901B903D30003E11B2 /* Build configuration list for PBXNativeTarget "NIDropDown_Swift" */ = {
			isa = XCConfigurationList;
			buildConfigurations = (
				C7341D911B903D30003E11B2 /* Debug */,
				C7341D921B903D30003E11B2 /* Release */,
			);
			defaultConfigurationIsVisible = 0;
			defaultConfigurationName = Release;
		};
		C7341D931B903D30003E11B2 /* Build configuration list for PBXNativeTarget "NIDropDown_SwiftTests" */ = {
			isa = XCConfigurationList;
			buildConfigurations = (
				C7341D941B903D30003E11B2 /* Debug */,
				C7341D951B903D30003E11B2 /* Release */,
			);
			defaultConfigurationIsVisible = 0;
			defaultConfigurationName = Release;
		};
/* End XCConfigurationList section */
	};
	rootObject = C7341D691B903D30003E11B2 /* Project object */;
}
